{
  "name": "valorant.js",
  "version": "1.5.0",
  "lockfileVersion": 2,
  "requires": true,
  "packages": {
    "": {
      "version": "1.5.0",
      "license": "MIT",
      "dependencies": {
        "axios": "^0.21.1",
        "querystring": "^0.2.1",
        "typescript": "^4.2.4"
      }
    },
    "node_modules/axios": {
      "version": "0.21.1",
      "resolved": "https://registry.npmjs.org/axios/-/axios-0.21.1.tgz",
      "integrity": "sha512-dKQiRHxGD9PPRIUNIWvZhPTPpl1rf/OxTYKsqKUDjBwYylTvV7SjSHJb9ratfyzM6wCdLCOYLzs73qpg5c4iGA==",
      "dependencies": {
        "follow-redirects": "^1.10.0"
      }
    },
    "node_modules/follow-redirects": {
      "version": "1.13.3",
      "resolved": "https://registry.npmjs.org/follow-redirects/-/follow-redirects-1.13.3.tgz",
      "integrity": "sha512-DUgl6+HDzB0iEptNQEXLx/KhTmDb8tZUHSeLqpnjpknR70H0nC2t9N73BK6fN4hOvJ84pKlIQVQ4k5FFlBedKA==",
      "funding": [
        {
          "type": "individual",
          "url": "https://github.com/sponsors/RubenVerborgh"
        }
      ],
      "engines": {
        "node": ">=4.0"
      },
      "peerDependenciesMeta": {
        "debug": {
          "optional": true
        }
      }
    },
    "node_modules/querystring": {
      "version": "0.2.1",
      "resolved": "https://registry.npmjs.org/querystring/-/querystring-0.2.1.tgz",
      "integrity": "sha512-wkvS7mL/JMugcup3/rMitHmd9ecIGd2lhFhK9N3UUQ450h66d1r3Y9nvXzQAW1Lq+wyx61k/1pfKS5KuKiyEbg==",
      "engines": {
        "node": ">=0.4.x"
      }
    },
    "node_modules/typescript": {
      "version": "4.2.4",
      "resolved": "https://registry.npmjs.org/typescript/-/typescript-4.2.4.tgz",
      "integrity": "sha512-V+evlYHZnQkaz8TRBuxTA92yZBPotr5H+WhQ7bD3hZUndx5tGOa1fuCgeSjxAzM1RiN5IzvadIXTVefuuwZCRg==",
      "bin": {
        "tsc": "bin/tsc",
        "tsserver": "bin/tsserver"
      },
      "engines": {
        "node": ">=4.2.0"
      }
    }
  },
  "dependencies": {
    "axios": {
      "version": "0.21.1",
      "resolved": "https://registry.npmjs.org/axios/-/axios-0.21.1.tgz",
      "integrity": "sha512-dKQiRHxGD9PPRIUNIWvZhPTPpl1rf/OxTYKsqKUDjBwYylTvV7SjSHJb9ratfyzM6wCdLCOYLzs73qpg5c4iGA==",
      "requires": {
        "follow-redirects": "^1.10.0"
      }
    },
    "follow-redirects": {
      "version": "1.13.3",
      "resolved": "https://registry.npmjs.org/follow-redirects/-/follow-redirects-1.13.3.tgz",
      "integrity": "sha512-DUgl6+HDzB0iEptNQEXLx/KhTmDb8tZUHSeLqpnjpknR70H0nC2t9N73BK6fN4hOvJ84pKlIQVQ4k5FFlBedKA=="
    },
    "querystring": {
      "version": "0.2.1",
      "resolved": "https://registry.npmjs.org/querystring/-/querystring-0.2.1.tgz",
      "integrity": "sha512-wkvS7mL/JMugcup3/rMitHmd9ecIGd2lhFhK9N3UUQ450h66d1r3Y9nvXzQAW1Lq+wyx61k/1pfKS5KuKiyEbg=="
    },
    "typescript": {
      "version": "4.2.4",
      "resolved": "https://registry.npmjs.org/typescript/-/typescript-4.2.4.tgz",
      "integrity": "sha512-V+evlYHZnQkaz8TRBuxTA92yZBPotr5H+WhQ7bD3hZUndx5tGOa1fuCgeSjxAzM1RiN5IzvadIXTVefuuwZCRg=="
    }
  }
}
